// !$*UTF8*$!
{
	archiveVersion = 1;
	classes = {
	};
	objectVersion = 55;
	objects = {

/* Begin PBXBuildFile section */
		05ECEB1EF062581FBE71FA81 /* CommonKit.framework in Embed Frameworks */ = {isa = PBXBuildFile; fileRef = 1D5BD161FF67622DCBAB5E55 /* CommonKit.framework */; platformFilter = ios; settings = {ATTRIBUTES = (CodeSignOnCopy, RemoveHeadersOnCopy, ); }; };
		1A1DEA4B2AE34BE37178B89D /* FAQListPresenter.swift in Sources */ = {isa = PBXBuildFile; fileRef = 2852719E7926F993734078DD /* FAQListPresenter.swift */; };
		1C2CA203C1BBAA2AD622FA2B /* FAQListInteractor.swift in Sources */ = {isa = PBXBuildFile; fileRef = FEADCBC04CA14DD08E35EA25 /* FAQListInteractor.swift */; };
		256E6ABB6A53DC60F3CBA73F /* test.swift in Resources */ = {isa = PBXBuildFile; fileRef = A481249923D1AB8227BA0D49 /* test.swift */; };
		331A9EFAA690EC656EF2DF40 /* TuistBundle+MaxiDigital-Case.swift in Sources */ = {isa = PBXBuildFile; fileRef = A006CBB880E167CA86781D76 /* TuistBundle+MaxiDigital-Case.swift */; };
		58B4EEA4F7904663CF53CC7C /* test.swift in Sources */ = {isa = PBXBuildFile; fileRef = A481249923D1AB8227BA0D49 /* test.swift */; };
		59C268F7646F23CEE4140A68 /* FAQListCellPresenter.swift in Sources */ = {isa = PBXBuildFile; fileRef = D4DC60B1F7FBE92B3089A122 /* FAQListCellPresenter.swift */; };
		5B4F0DFA4F9E8548AB62610F /* FAQListViewController.swift in Sources */ = {isa = PBXBuildFile; fileRef = D442BFD2249860644296D00C /* FAQListViewController.swift */; };
		655A2ACFEE97BB6F1EB54EFC /* FAQData.swift in Sources */ = {isa = PBXBuildFile; fileRef = 34B263869AF57F320A609104 /* FAQData.swift */; };
		86D128417CF7C3C98E48CFFA /* FAQListHeaderCellPresenter.swift in Sources */ = {isa = PBXBuildFile; fileRef = 928CA45A4C5E60DF8FEA0C3B /* FAQListHeaderCellPresenter.swift */; };
		8BDF9E7F5139362887E41C6C /* AppDelegate.swift in Sources */ = {isa = PBXBuildFile; fileRef = C4CCD09A07B6D3582F517812 /* AppDelegate.swift */; };
		948914CD52DB70A09098286A /* FAQListRouter.swift in Sources */ = {isa = PBXBuildFile; fileRef = DD6B70CBB1788589A2ECE45F /* FAQListRouter.swift */; };
		ACDFD2C6C1A9A98A5625969E /* CommonKit.framework in Frameworks */ = {isa = PBXBuildFile; fileRef = 1D5BD161FF67622DCBAB5E55 /* CommonKit.framework */; platformFilter = ios; };
		AD96B989AD42B81E8F227C41 /* TuistBundle+MaxiDigital-CaseTests.swift in Sources */ = {isa = PBXBuildFile; fileRef = 5B801629096A74E055AFCF8E /* TuistBundle+MaxiDigital-CaseTests.swift */; };
		C26CDB2328A0189C009E2E58 /* MockFAQListInteractor.swift in Sources */ = {isa = PBXBuildFile; fileRef = C26CDB2128A01872009E2E58 /* MockFAQListInteractor.swift */; };
		C26CDB2628A018E5009E2E58 /* MockFAQListRouter.swift in Sources */ = {isa = PBXBuildFile; fileRef = C26CDB2428A018DE009E2E58 /* MockFAQListRouter.swift */; };
		C26CDB2928A01916009E2E58 /* MockFAQListView.swift in Sources */ = {isa = PBXBuildFile; fileRef = C26CDB2728A01911009E2E58 /* MockFAQListView.swift */; };
		C26CDB2C28A01953009E2E58 /* FAQListPresenterTests.swift in Sources */ = {isa = PBXBuildFile; fileRef = C26CDB2A28A0193A009E2E58 /* FAQListPresenterTests.swift */; };
		D748FC5D17379CA7CB0334AE /* FAQListHeaderView.swift in Sources */ = {isa = PBXBuildFile; fileRef = AE9A86124BB2D450E875863C /* FAQListHeaderView.swift */; };
		EA79A3FDD85F25267D6242AD /* TuistAssets+MaxiDigitalCase.swift in Sources */ = {isa = PBXBuildFile; fileRef = 5CC0D36FCC4381AA35A0AA4A /* TuistAssets+MaxiDigitalCase.swift */; };
		F1EDA480F6CE8C1B006638F1 /* FAQListCell.swift in Sources */ = {isa = PBXBuildFile; fileRef = 17AA081D68F2A9DF776C0B3C /* FAQListCell.swift */; };
		F6833C832C4DCA72A9AA77D0 /* Assets.xcassets in Resources */ = {isa = PBXBuildFile; fileRef = 0557EE0AFD5260E9ED66AA5C /* Assets.xcassets */; };
		FD5A26773E3D0F0460EC0CB3 /* UILab.framework in Frameworks */ = {isa = PBXBuildFile; fileRef = 3BF87FD937985C868EAF1532 /* UILab.framework */; platformFilter = ios; };
/* End PBXBuildFile section */

/* Begin PBXContainerItemProxy section */
		193D10503E3B8CE2F46B83B9 /* PBXContainerItemProxy */ = {
			isa = PBXContainerItemProxy;
			containerPortal = A091A4852C0F786AD6E5C761 /* Project object */;
			proxyType = 1;
			remoteGlobalIDString = A44D21E776E41F1ED77BA237;
			remoteInfo = "MaxiDigital-Case";
		};
/* End PBXContainerItemProxy section */

/* Begin PBXCopyFilesBuildPhase section */
		C0AD572975D36834F89176D7 /* Embed Frameworks */ = {
			isa = PBXCopyFilesBuildPhase;
			buildActionMask = 2147483647;
			dstPath = "";
			dstSubfolderSpec = 10;
			files = (
			);
			name = "Embed Frameworks";
			runOnlyForDeploymentPostprocessing = 0;
		};
		CBF710CCC2C5352265B47063 /* Embed Frameworks */ = {
			isa = PBXCopyFilesBuildPhase;
			buildActionMask = 2147483647;
			dstPath = "";
			dstSubfolderSpec = 10;
			files = (
				05ECEB1EF062581FBE71FA81 /* CommonKit.framework in Embed Frameworks */,
			);
			name = "Embed Frameworks";
			runOnlyForDeploymentPostprocessing = 0;
		};
/* End PBXCopyFilesBuildPhase section */

/* Begin PBXFileReference section */
		0557EE0AFD5260E9ED66AA5C /* Assets.xcassets */ = {isa = PBXFileReference; lastKnownFileType = folder.assetcatalog; path = Assets.xcassets; sourceTree = "<group>"; };
		0D0DA4929749E280926FD50E /* MaxiDigital-CaseTests-Info.plist */ = {isa = PBXFileReference; lastKnownFileType = text.plist; path = "MaxiDigital-CaseTests-Info.plist"; sourceTree = "<group>"; };
		17AA081D68F2A9DF776C0B3C /* FAQListCell.swift */ = {isa = PBXFileReference; lastKnownFileType = sourcecode.swift; path = FAQListCell.swift; sourceTree = "<group>"; };
		1D5BD161FF67622DCBAB5E55 /* CommonKit.framework */ = {isa = PBXFileReference; explicitFileType = wrapper.framework; includeInIndex = 0; path = CommonKit.framework; sourceTree = BUILT_PRODUCTS_DIR; };
		2852719E7926F993734078DD /* FAQListPresenter.swift */ = {isa = PBXFileReference; lastKnownFileType = sourcecode.swift; path = FAQListPresenter.swift; sourceTree = "<group>"; };
		2FB87CAE509763EA29D65820 /* MaxiDigital_Case.app */ = {isa = PBXFileReference; explicitFileType = wrapper.application; includeInIndex = 0; path = MaxiDigital_Case.app; sourceTree = BUILT_PRODUCTS_DIR; };
		34B263869AF57F320A609104 /* FAQData.swift */ = {isa = PBXFileReference; lastKnownFileType = sourcecode.swift; path = FAQData.swift; sourceTree = "<group>"; };
		3BF87FD937985C868EAF1532 /* UILab.framework */ = {isa = PBXFileReference; explicitFileType = wrapper.framework; includeInIndex = 0; path = UILab.framework; sourceTree = BUILT_PRODUCTS_DIR; };
		5B801629096A74E055AFCF8E /* TuistBundle+MaxiDigital-CaseTests.swift */ = {isa = PBXFileReference; lastKnownFileType = sourcecode.swift; path = "TuistBundle+MaxiDigital-CaseTests.swift"; sourceTree = "<group>"; };
		5CC0D36FCC4381AA35A0AA4A /* TuistAssets+MaxiDigitalCase.swift */ = {isa = PBXFileReference; lastKnownFileType = sourcecode.swift; path = "TuistAssets+MaxiDigitalCase.swift"; sourceTree = "<group>"; };
		928CA45A4C5E60DF8FEA0C3B /* FAQListHeaderCellPresenter.swift */ = {isa = PBXFileReference; lastKnownFileType = sourcecode.swift; path = FAQListHeaderCellPresenter.swift; sourceTree = "<group>"; };
		A006CBB880E167CA86781D76 /* TuistBundle+MaxiDigital-Case.swift */ = {isa = PBXFileReference; lastKnownFileType = sourcecode.swift; path = "TuistBundle+MaxiDigital-Case.swift"; sourceTree = "<group>"; };
		A481249923D1AB8227BA0D49 /* test.swift */ = {isa = PBXFileReference; lastKnownFileType = sourcecode.swift; path = test.swift; sourceTree = "<group>"; };
		AE9A86124BB2D450E875863C /* FAQListHeaderView.swift */ = {isa = PBXFileReference; lastKnownFileType = sourcecode.swift; path = FAQListHeaderView.swift; sourceTree = "<group>"; };
		BA64A7EA5066C01051B556E9 /* MaxiDigital-Case-Info.plist */ = {isa = PBXFileReference; lastKnownFileType = text.plist; path = "MaxiDigital-Case-Info.plist"; sourceTree = "<group>"; };
		C26CDB2128A01872009E2E58 /* MockFAQListInteractor.swift */ = {isa = PBXFileReference; lastKnownFileType = sourcecode.swift; path = MockFAQListInteractor.swift; sourceTree = "<group>"; };
		C26CDB2428A018DE009E2E58 /* MockFAQListRouter.swift */ = {isa = PBXFileReference; lastKnownFileType = sourcecode.swift; path = MockFAQListRouter.swift; sourceTree = "<group>"; };
		C26CDB2728A01911009E2E58 /* MockFAQListView.swift */ = {isa = PBXFileReference; lastKnownFileType = sourcecode.swift; path = MockFAQListView.swift; sourceTree = "<group>"; };
		C26CDB2A28A0193A009E2E58 /* FAQListPresenterTests.swift */ = {isa = PBXFileReference; lastKnownFileType = sourcecode.swift; path = FAQListPresenterTests.swift; sourceTree = "<group>"; };
		C4CCD09A07B6D3582F517812 /* AppDelegate.swift */ = {isa = PBXFileReference; lastKnownFileType = sourcecode.swift; path = AppDelegate.swift; sourceTree = "<group>"; };
		C9ECDEF5D490B0F0865EDDFA /* MaxiDigital_CaseTests.xctest */ = {isa = PBXFileReference; explicitFileType = wrapper.cfbundle; includeInIndex = 0; path = MaxiDigital_CaseTests.xctest; sourceTree = BUILT_PRODUCTS_DIR; };
		D442BFD2249860644296D00C /* FAQListViewController.swift */ = {isa = PBXFileReference; lastKnownFileType = sourcecode.swift; path = FAQListViewController.swift; sourceTree = "<group>"; };
		D4DC60B1F7FBE92B3089A122 /* FAQListCellPresenter.swift */ = {isa = PBXFileReference; lastKnownFileType = sourcecode.swift; path = FAQListCellPresenter.swift; sourceTree = "<group>"; };
		DD6B70CBB1788589A2ECE45F /* FAQListRouter.swift */ = {isa = PBXFileReference; lastKnownFileType = sourcecode.swift; path = FAQListRouter.swift; sourceTree = "<group>"; };
		FEADCBC04CA14DD08E35EA25 /* FAQListInteractor.swift */ = {isa = PBXFileReference; lastKnownFileType = sourcecode.swift; path = FAQListInteractor.swift; sourceTree = "<group>"; };
/* End PBXFileReference section */

/* Begin PBXFrameworksBuildPhase section */
		17D0627AE4779CC051A4C582 /* Frameworks */ = {
			isa = PBXFrameworksBuildPhase;
			buildActionMask = 2147483647;
			files = (
				ACDFD2C6C1A9A98A5625969E /* CommonKit.framework in Frameworks */,
				FD5A26773E3D0F0460EC0CB3 /* UILab.framework in Frameworks */,
			);
			runOnlyForDeploymentPostprocessing = 0;
		};
		24B112149D16B01EF38285DB /* Frameworks */ = {
			isa = PBXFrameworksBuildPhase;
			buildActionMask = 2147483647;
			files = (
			);
			runOnlyForDeploymentPostprocessing = 0;
		};
/* End PBXFrameworksBuildPhase section */

/* Begin PBXGroup section */
		003B78787045FF3834826E42 /* Screens */ = {
			isa = PBXGroup;
			children = (
				10F3AADB7D372B7F1621DAA0 /* FAQList */,
			);
			path = Screens;
			sourceTree = "<group>";
		};
		10F3AADB7D372B7F1621DAA0 /* FAQList */ = {
			isa = PBXGroup;
			children = (
				6C50F935E4CF9D5BAC606F92 /* FAQListCell */,
				7514858E870B9E2B8EABD404 /* FAQListHeaderView */,
				34B263869AF57F320A609104 /* FAQData.swift */,
				FEADCBC04CA14DD08E35EA25 /* FAQListInteractor.swift */,
				2852719E7926F993734078DD /* FAQListPresenter.swift */,
				DD6B70CBB1788589A2ECE45F /* FAQListRouter.swift */,
				D442BFD2249860644296D00C /* FAQListViewController.swift */,
			);
			path = FAQList;
			sourceTree = "<group>";
		};
		2EDCA13F4AB6C724AE474FC6 /* InfoPlists */ = {
			isa = PBXGroup;
			children = (
				BA64A7EA5066C01051B556E9 /* MaxiDigital-Case-Info.plist */,
				0D0DA4929749E280926FD50E /* MaxiDigital-CaseTests-Info.plist */,
			);
			path = InfoPlists;
			sourceTree = "<group>";
		};
		6C50F935E4CF9D5BAC606F92 /* FAQListCell */ = {
			isa = PBXGroup;
			children = (
				17AA081D68F2A9DF776C0B3C /* FAQListCell.swift */,
				D4DC60B1F7FBE92B3089A122 /* FAQListCellPresenter.swift */,
			);
			path = FAQListCell;
			sourceTree = "<group>";
		};
		7514858E870B9E2B8EABD404 /* FAQListHeaderView */ = {
			isa = PBXGroup;
			children = (
				928CA45A4C5E60DF8FEA0C3B /* FAQListHeaderCellPresenter.swift */,
				AE9A86124BB2D450E875863C /* FAQListHeaderView.swift */,
			);
			path = FAQListHeaderView;
			sourceTree = "<group>";
		};
		88CE0F9B2DCC6FAB108532EC /* MaxiDigital-Case */ = {
			isa = PBXGroup;
			children = (
				003B78787045FF3834826E42 /* Screens */,
				C4CCD09A07B6D3582F517812 /* AppDelegate.swift */,
				0557EE0AFD5260E9ED66AA5C /* Assets.xcassets */,
			);
			path = "MaxiDigital-Case";
			sourceTree = "<group>";
		};
		974EB3968D363F33E4BC6DD1 /* Sources */ = {
			isa = PBXGroup;
			children = (
				5CC0D36FCC4381AA35A0AA4A /* TuistAssets+MaxiDigitalCase.swift */,
				A006CBB880E167CA86781D76 /* TuistBundle+MaxiDigital-Case.swift */,
				5B801629096A74E055AFCF8E /* TuistBundle+MaxiDigital-CaseTests.swift */,
			);
			path = Sources;
			sourceTree = "<group>";
		};
		B8725D460132618D418A047E /* UnitTests */ = {
			isa = PBXGroup;
			children = (
				C26CDB1D28A01837009E2E58 /* Screens */,
				A481249923D1AB8227BA0D49 /* test.swift */,
			);
			path = UnitTests;
			sourceTree = "<group>";
		};
		C26CDB1D28A01837009E2E58 /* Screens */ = {
			isa = PBXGroup;
			children = (
				C26CDB1E28A01843009E2E58 /* FAQList */,
			);
			path = Screens;
			sourceTree = "<group>";
		};
		C26CDB1E28A01843009E2E58 /* FAQList */ = {
			isa = PBXGroup;
			children = (
				C26CDB2128A01872009E2E58 /* MockFAQListInteractor.swift */,
				C26CDB2428A018DE009E2E58 /* MockFAQListRouter.swift */,
				C26CDB2728A01911009E2E58 /* MockFAQListView.swift */,
				C26CDB2A28A0193A009E2E58 /* FAQListPresenterTests.swift */,
			);
			path = FAQList;
			sourceTree = "<group>";
		};
		CF7C75582EA7BD97F22A4999 /* Project */ = {
			isa = PBXGroup;
			children = (
				DDCF23DAF5F08202FB0FB1C7 /* Derived */,
				88CE0F9B2DCC6FAB108532EC /* MaxiDigital-Case */,
				B8725D460132618D418A047E /* UnitTests */,
			);
			name = Project;
			sourceTree = "<group>";
		};
		D4FC75F7EAD2A02E9BDC7521 /* Products */ = {
			isa = PBXGroup;
			children = (
				1D5BD161FF67622DCBAB5E55 /* CommonKit.framework */,
				2FB87CAE509763EA29D65820 /* MaxiDigital_Case.app */,
				C9ECDEF5D490B0F0865EDDFA /* MaxiDigital_CaseTests.xctest */,
				3BF87FD937985C868EAF1532 /* UILab.framework */,
			);
			name = Products;
			sourceTree = "<group>";
		};
		DDCF23DAF5F08202FB0FB1C7 /* Derived */ = {
			isa = PBXGroup;
			children = (
				2EDCA13F4AB6C724AE474FC6 /* InfoPlists */,
				974EB3968D363F33E4BC6DD1 /* Sources */,
			);
			path = Derived;
			sourceTree = "<group>";
		};
		E7C6C97E91066E7C94C77EF0 = {
			isa = PBXGroup;
			children = (
				CF7C75582EA7BD97F22A4999 /* Project */,
				F7571F6BA415930352ACF8D9 /* Frameworks */,
				D4FC75F7EAD2A02E9BDC7521 /* Products */,
			);
			sourceTree = "<group>";
		};
		F7571F6BA415930352ACF8D9 /* Frameworks */ = {
			isa = PBXGroup;
			children = (
			);
			name = Frameworks;
			sourceTree = "<group>";
		};
/* End PBXGroup section */

/* Begin PBXNativeTarget section */
		A44D21E776E41F1ED77BA237 /* MaxiDigital-Case */ = {
			isa = PBXNativeTarget;
			buildConfigurationList = DDA54F076113AAB48AE88B49 /* Build configuration list for PBXNativeTarget "MaxiDigital-Case" */;
			buildPhases = (
				4B8A3D898B9C0AAD8A9B549C /* Sources */,
				D2D8BB56DB9BA8D72A3CE0CE /* Resources */,
				CBF710CCC2C5352265B47063 /* Embed Frameworks */,
				17D0627AE4779CC051A4C582 /* Frameworks */,
			);
			buildRules = (
			);
			dependencies = (
			);
			name = "MaxiDigital-Case";
			productName = MaxiDigital_Case;
			productReference = 2FB87CAE509763EA29D65820 /* MaxiDigital_Case.app */;
			productType = "com.apple.product-type.application";
		};
		E37C84CF8A92A90FAB17747F /* MaxiDigital-CaseTests */ = {
			isa = PBXNativeTarget;
			buildConfigurationList = 64AA7EB5755BBB3F20863B53 /* Build configuration list for PBXNativeTarget "MaxiDigital-CaseTests" */;
			buildPhases = (
				BCB9A902C6A677BD602FDC07 /* Sources */,
				54D7C9135E230B0AF88B314F /* Resources */,
				C0AD572975D36834F89176D7 /* Embed Frameworks */,
				24B112149D16B01EF38285DB /* Frameworks */,
			);
			buildRules = (
			);
			dependencies = (
				BA806AA635FC27FB8F399099 /* PBXTargetDependency */,
			);
			name = "MaxiDigital-CaseTests";
			productName = MaxiDigital_CaseTests;
			productReference = C9ECDEF5D490B0F0865EDDFA /* MaxiDigital_CaseTests.xctest */;
			productType = "com.apple.product-type.bundle.unit-test";
		};
/* End PBXNativeTarget section */

/* Begin PBXProject section */
		A091A4852C0F786AD6E5C761 /* Project object */ = {
			isa = PBXProject;
			attributes = {
				ORGANIZATIONNAME = "com.yasinkbas.MaxiDigital-Case";
				TargetAttributes = {
					E37C84CF8A92A90FAB17747F = {
						TestTargetID = A44D21E776E41F1ED77BA237;
					};
				};
			};
			buildConfigurationList = EC46286A491781E4FBB61799 /* Build configuration list for PBXProject "MaxiDigital-Case" */;
			compatibilityVersion = "Xcode 13.0";
			developmentRegion = en;
			hasScannedForEncodings = 0;
			knownRegions = (
				Base,
				en,
			);
			mainGroup = E7C6C97E91066E7C94C77EF0;
			productRefGroup = D4FC75F7EAD2A02E9BDC7521 /* Products */;
			projectDirPath = "";
			projectRoot = "";
			targets = (
				A44D21E776E41F1ED77BA237 /* MaxiDigital-Case */,
				E37C84CF8A92A90FAB17747F /* MaxiDigital-CaseTests */,
			);
		};
/* End PBXProject section */

/* Begin PBXResourcesBuildPhase section */
		54D7C9135E230B0AF88B314F /* Resources */ = {
			isa = PBXResourcesBuildPhase;
			buildActionMask = 2147483647;
			files = (
				256E6ABB6A53DC60F3CBA73F /* test.swift in Resources */,
			);
			runOnlyForDeploymentPostprocessing = 0;
		};
		D2D8BB56DB9BA8D72A3CE0CE /* Resources */ = {
			isa = PBXResourcesBuildPhase;
			buildActionMask = 2147483647;
			files = (
				F6833C832C4DCA72A9AA77D0 /* Assets.xcassets in Resources */,
			);
			runOnlyForDeploymentPostprocessing = 0;
		};
/* End PBXResourcesBuildPhase section */

/* Begin PBXSourcesBuildPhase section */
		4B8A3D898B9C0AAD8A9B549C /* Sources */ = {
			isa = PBXSourcesBuildPhase;
			buildActionMask = 2147483647;
			files = (
				EA79A3FDD85F25267D6242AD /* TuistAssets+MaxiDigitalCase.swift in Sources */,
				331A9EFAA690EC656EF2DF40 /* TuistBundle+MaxiDigital-Case.swift in Sources */,
				8BDF9E7F5139362887E41C6C /* AppDelegate.swift in Sources */,
				655A2ACFEE97BB6F1EB54EFC /* FAQData.swift in Sources */,
				F1EDA480F6CE8C1B006638F1 /* FAQListCell.swift in Sources */,
				59C268F7646F23CEE4140A68 /* FAQListCellPresenter.swift in Sources */,
				86D128417CF7C3C98E48CFFA /* FAQListHeaderCellPresenter.swift in Sources */,
				D748FC5D17379CA7CB0334AE /* FAQListHeaderView.swift in Sources */,
				1C2CA203C1BBAA2AD622FA2B /* FAQListInteractor.swift in Sources */,
				1A1DEA4B2AE34BE37178B89D /* FAQListPresenter.swift in Sources */,
				948914CD52DB70A09098286A /* FAQListRouter.swift in Sources */,
				5B4F0DFA4F9E8548AB62610F /* FAQListViewController.swift in Sources */,
			);
			runOnlyForDeploymentPostprocessing = 0;
		};
		BCB9A902C6A677BD602FDC07 /* Sources */ = {
			isa = PBXSourcesBuildPhase;
			buildActionMask = 2147483647;
			files = (
				C26CDB2328A0189C009E2E58 /* MockFAQListInteractor.swift in Sources */,
				C26CDB2928A01916009E2E58 /* MockFAQListView.swift in Sources */,
				C26CDB2628A018E5009E2E58 /* MockFAQListRouter.swift in Sources */,
				C26CDB2C28A01953009E2E58 /* FAQListPresenterTests.swift in Sources */,
				AD96B989AD42B81E8F227C41 /* TuistBundle+MaxiDigital-CaseTests.swift in Sources */,
				58B4EEA4F7904663CF53CC7C /* test.swift in Sources */,
			);
			runOnlyForDeploymentPostprocessing = 0;
		};
/* End PBXSourcesBuildPhase section */

/* Begin PBXTargetDependency section */
		BA806AA635FC27FB8F399099 /* PBXTargetDependency */ = {
			isa = PBXTargetDependency;
			name = "MaxiDigital-Case";
			target = A44D21E776E41F1ED77BA237 /* MaxiDigital-Case */;
			targetProxy = 193D10503E3B8CE2F46B83B9 /* PBXContainerItemProxy */;
		};
/* End PBXTargetDependency section */

/* Begin XCBuildConfiguration section */
		4207F397EE2DDAB82A238B7A /* Debug */ = {
			isa = XCBuildConfiguration;
			buildSettings = {
				ALWAYS_SEARCH_USER_PATHS = NO;
				CLANG_ANALYZER_LOCALIZABILITY_NONLOCALIZED = YES;
				CLANG_ANALYZER_NONNULL = YES;
				CLANG_ANALYZER_NUMBER_OBJECT_CONVERSION = YES_AGGRESSIVE;
				CLANG_CXX_LANGUAGE_STANDARD = "gnu++14";
				CLANG_CXX_LIBRARY = "libc++";
				CLANG_ENABLE_MODULES = YES;
				CLANG_ENABLE_OBJC_ARC = YES;
				CLANG_ENABLE_OBJC_WEAK = YES;
				CLANG_WARN_BLOCK_CAPTURE_AUTORELEASING = YES;
				CLANG_WARN_BOOL_CONVERSION = YES;
				CLANG_WARN_COMMA = YES;
				CLANG_WARN_CONSTANT_CONVERSION = YES;
				CLANG_WARN_DEPRECATED_OBJC_IMPLEMENTATIONS = YES;
				CLANG_WARN_DIRECT_OBJC_ISA_USAGE = YES_ERROR;
				CLANG_WARN_DOCUMENTATION_COMMENTS = YES;
				CLANG_WARN_EMPTY_BODY = YES;
				CLANG_WARN_ENUM_CONVERSION = YES;
				CLANG_WARN_INFINITE_RECURSION = YES;
				CLANG_WARN_INT_CONVERSION = YES;
				CLANG_WARN_NON_LITERAL_NULL_CONVERSION = YES;
				CLANG_WARN_OBJC_IMPLICIT_RETAIN_SELF = YES;
				CLANG_WARN_OBJC_LITERAL_CONVERSION = YES;
				CLANG_WARN_OBJC_ROOT_CLASS = YES_ERROR;
				CLANG_WARN_QUOTED_INCLUDE_IN_FRAMEWORK_HEADER = YES;
				CLANG_WARN_RANGE_LOOP_ANALYSIS = YES;
				CLANG_WARN_STRICT_PROTOTYPES = YES;
				CLANG_WARN_SUSPICIOUS_MOVE = YES;
				CLANG_WARN_UNGUARDED_AVAILABILITY = YES_AGGRESSIVE;
				CLANG_WARN_UNREACHABLE_CODE = YES;
				CLANG_WARN__DUPLICATE_METHOD_MATCH = YES;
				COPY_PHASE_STRIP = NO;
				DEBUG_INFORMATION_FORMAT = dwarf;
				ENABLE_STRICT_OBJC_MSGSEND = YES;
				ENABLE_TESTABILITY = YES;
				GCC_C_LANGUAGE_STANDARD = gnu11;
				GCC_DYNAMIC_NO_PIC = NO;
				GCC_NO_COMMON_BLOCKS = YES;
				GCC_OPTIMIZATION_LEVEL = 0;
				GCC_PREPROCESSOR_DEFINITIONS = (
					"DEBUG=1",
					"$(inherited)",
				);
				GCC_WARN_64_TO_32_BIT_CONVERSION = YES;
				GCC_WARN_ABOUT_RETURN_TYPE = YES_ERROR;
				GCC_WARN_UNDECLARED_SELECTOR = YES;
				GCC_WARN_UNINITIALIZED_AUTOS = YES_AGGRESSIVE;
				GCC_WARN_UNUSED_FUNCTION = YES;
				GCC_WARN_UNUSED_VARIABLE = YES;
				MTL_ENABLE_DEBUG_INFO = YES;
				ONLY_ACTIVE_ARCH = YES;
				PRODUCT_NAME = "$(TARGET_NAME)";
			};
			name = Debug;
		};
		57E028487A1BE0816F18745C /* Release */ = {
			isa = XCBuildConfiguration;
			buildSettings = {
				ALWAYS_SEARCH_USER_PATHS = NO;
				CLANG_ANALYZER_LOCALIZABILITY_NONLOCALIZED = YES;
				CLANG_ANALYZER_NONNULL = YES;
				CLANG_ANALYZER_NUMBER_OBJECT_CONVERSION = YES_AGGRESSIVE;
				CLANG_CXX_LANGUAGE_STANDARD = "gnu++14";
				CLANG_CXX_LIBRARY = "libc++";
				CLANG_ENABLE_MODULES = YES;
				CLANG_ENABLE_OBJC_ARC = YES;
				CLANG_ENABLE_OBJC_WEAK = YES;
				CLANG_WARN_BLOCK_CAPTURE_AUTORELEASING = YES;
				CLANG_WARN_BOOL_CONVERSION = YES;
				CLANG_WARN_COMMA = YES;
				CLANG_WARN_CONSTANT_CONVERSION = YES;
				CLANG_WARN_DEPRECATED_OBJC_IMPLEMENTATIONS = YES;
				CLANG_WARN_DIRECT_OBJC_ISA_USAGE = YES_ERROR;
				CLANG_WARN_DOCUMENTATION_COMMENTS = YES;
				CLANG_WARN_EMPTY_BODY = YES;
				CLANG_WARN_ENUM_CONVERSION = YES;
				CLANG_WARN_INFINITE_RECURSION = YES;
				CLANG_WARN_INT_CONVERSION = YES;
				CLANG_WARN_NON_LITERAL_NULL_CONVERSION = YES;
				CLANG_WARN_OBJC_IMPLICIT_RETAIN_SELF = YES;
				CLANG_WARN_OBJC_LITERAL_CONVERSION = YES;
				CLANG_WARN_OBJC_ROOT_CLASS = YES_ERROR;
				CLANG_WARN_QUOTED_INCLUDE_IN_FRAMEWORK_HEADER = YES;
				CLANG_WARN_RANGE_LOOP_ANALYSIS = YES;
				CLANG_WARN_STRICT_PROTOTYPES = YES;
				CLANG_WARN_SUSPICIOUS_MOVE = YES;
				CLANG_WARN_UNGUARDED_AVAILABILITY = YES_AGGRESSIVE;
				CLANG_WARN_UNREACHABLE_CODE = YES;
				CLANG_WARN__DUPLICATE_METHOD_MATCH = YES;
				COPY_PHASE_STRIP = NO;
				DEBUG_INFORMATION_FORMAT = "dwarf-with-dsym";
				ENABLE_NS_ASSERTIONS = NO;
				ENABLE_STRICT_OBJC_MSGSEND = YES;
				GCC_C_LANGUAGE_STANDARD = gnu11;
				GCC_NO_COMMON_BLOCKS = YES;
				GCC_WARN_64_TO_32_BIT_CONVERSION = YES;
				GCC_WARN_ABOUT_RETURN_TYPE = YES_ERROR;
				GCC_WARN_UNDECLARED_SELECTOR = YES;
				GCC_WARN_UNINITIALIZED_AUTOS = YES_AGGRESSIVE;
				GCC_WARN_UNUSED_FUNCTION = YES;
				GCC_WARN_UNUSED_VARIABLE = YES;
				MTL_ENABLE_DEBUG_INFO = NO;
				PRODUCT_NAME = "$(TARGET_NAME)";
				VALIDATE_PRODUCT = YES;
			};
			name = Release;
		};
		836EF8F9FBC84AD415FD3D19 /* Debug */ = {
			isa = XCBuildConfiguration;
			buildSettings = {
				BUNDLE_LOADER = "$(TEST_HOST)";
				CODE_SIGN_IDENTITY = "iPhone Developer";
				INFOPLIST_FILE = "Derived/InfoPlists/MaxiDigital-CaseTests-Info.plist";
				IPHONEOS_DEPLOYMENT_TARGET = 15.0;
				LD_RUNPATH_SEARCH_PATHS = (
					"$(inherited)",
					"@executable_path/Frameworks",
					"@loader_path/Frameworks",
				);
				PRODUCT_BUNDLE_IDENTIFIER = "com.yasinkbas.MaxiDigital-CaseTests";
				PRODUCT_NAME = MaxiDigital_CaseTests;
				SDKROOT = iphoneos;
				SUPPORTS_MACCATALYST = NO;
				SWIFT_ACTIVE_COMPILATION_CONDITIONS = DEBUG;
				SWIFT_COMPILATION_MODE = singlefile;
				SWIFT_OPTIMIZATION_LEVEL = "-Onone";
				SWIFT_VERSION = 5.7;
				TARGETED_DEVICE_FAMILY = 1;
				TEST_HOST = "$(BUILT_PRODUCTS_DIR)/MaxiDigital_Case.app/MaxiDigital_Case";
				TEST_TARGET_NAME = "MaxiDigital-Case";
			};
			name = Debug;
		};
		AAC3141836FB6D5E52F467CB /* Release */ = {
			isa = XCBuildConfiguration;
			buildSettings = {
				ASSETCATALOG_COMPILER_APPICON_NAME = AppIcon;
				CODE_SIGN_IDENTITY = "iPhone Developer";
				ENABLE_PREVIEWS = YES;
				INFOPLIST_FILE = "Derived/InfoPlists/MaxiDigital-Case-Info.plist";
				IPHONEOS_DEPLOYMENT_TARGET = 15.0;
				LD_RUNPATH_SEARCH_PATHS = (
					"$(inherited)",
					"@executable_path/Frameworks",
				);
				PRODUCT_BUNDLE_IDENTIFIER = "com.yasinkbas.MaxiDigital-Case";
				PRODUCT_NAME = MaxiDigital_Case;
				SDKROOT = iphoneos;
				SUPPORTS_MACCATALYST = NO;
				SWIFT_COMPILATION_MODE = wholemodule;
				SWIFT_OPTIMIZATION_LEVEL = "-Owholemodule";
				SWIFT_VERSION = 5.7;
				TARGETED_DEVICE_FAMILY = 1;
			};
			name = Release;
		};
		AE88312CF459899FA8DF69CC /* Debug */ = {
			isa = XCBuildConfiguration;
			buildSettings = {
				ASSETCATALOG_COMPILER_APPICON_NAME = AppIcon;
				CODE_SIGN_IDENTITY = "iPhone Developer";
				ENABLE_PREVIEWS = YES;
				INFOPLIST_FILE = "Derived/InfoPlists/MaxiDigital-Case-Info.plist";
				IPHONEOS_DEPLOYMENT_TARGET = 15.0;
				LD_RUNPATH_SEARCH_PATHS = (
					"$(inherited)",
					"@executable_path/Frameworks",
				);
				PRODUCT_BUNDLE_IDENTIFIER = "com.yasinkbas.MaxiDigital-Case";
				PRODUCT_NAME = MaxiDigital_Case;
				SDKROOT = iphoneos;
				SUPPORTS_MACCATALYST = NO;
				SWIFT_ACTIVE_COMPILATION_CONDITIONS = DEBUG;
				SWIFT_COMPILATION_MODE = singlefile;
				SWIFT_OPTIMIZATION_LEVEL = "-Onone";
				SWIFT_VERSION = 5.7;
				TARGETED_DEVICE_FAMILY = 1;
			};
			name = Debug;
		};
		C6C3FB22F7CAA81103EBCB9A /* Release */ = {
			isa = XCBuildConfiguration;
			buildSettings = {
				BUNDLE_LOADER = "$(TEST_HOST)";
				CODE_SIGN_IDENTITY = "iPhone Developer";
				INFOPLIST_FILE = "Derived/InfoPlists/MaxiDigital-CaseTests-Info.plist";
				IPHONEOS_DEPLOYMENT_TARGET = 15.0;
				LD_RUNPATH_SEARCH_PATHS = (
					"$(inherited)",
					"@executable_path/Frameworks",
					"@loader_path/Frameworks",
				);
				PRODUCT_BUNDLE_IDENTIFIER = "com.yasinkbas.MaxiDigital-CaseTests";
				PRODUCT_NAME = MaxiDigital_CaseTests;
				SDKROOT = iphoneos;
				SUPPORTS_MACCATALYST = NO;
				SWIFT_COMPILATION_MODE = wholemodule;
				SWIFT_OPTIMIZATION_LEVEL = "-Owholemodule";
				SWIFT_VERSION = 5.7;
				TARGETED_DEVICE_FAMILY = 1;
				TEST_HOST = "$(BUILT_PRODUCTS_DIR)/MaxiDigital_Case.app/MaxiDigital_Case";
				TEST_TARGET_NAME = "MaxiDigital-Case";
			};
			name = Release;
		};
/* End XCBuildConfiguration section */

/* Begin XCConfigurationList section */
		64AA7EB5755BBB3F20863B53 /* Build configuration list for PBXNativeTarget "MaxiDigital-CaseTests" */ = {
			isa = XCConfigurationList;
			buildConfigurations = (
				836EF8F9FBC84AD415FD3D19 /* Debug */,
				C6C3FB22F7CAA81103EBCB9A /* Release */,
			);
			defaultConfigurationIsVisible = 0;
			defaultConfigurationName = Release;
		};
		DDA54F076113AAB48AE88B49 /* Build configuration list for PBXNativeTarget "MaxiDigital-Case" */ = {
			isa = XCConfigurationList;
			buildConfigurations = (
				AE88312CF459899FA8DF69CC /* Debug */,
				AAC3141836FB6D5E52F467CB /* Release */,
			);
			defaultConfigurationIsVisible = 0;
			defaultConfigurationName = Release;
		};
		EC46286A491781E4FBB61799 /* Build configuration list for PBXProject "MaxiDigital-Case" */ = {
			isa = XCConfigurationList;
			buildConfigurations = (
				4207F397EE2DDAB82A238B7A /* Debug */,
				57E028487A1BE0816F18745C /* Release */,
			);
			defaultConfigurationIsVisible = 0;
			defaultConfigurationName = Release;
		};
/* End XCConfigurationList section */
	};
	rootObject = A091A4852C0F786AD6E5C761 /* Project object */;
}
